{
  "nodes": {
    "home-manager": {
      "inputs": {
        "nixpkgs": [
          "nixpkgs"
        ]
      },
      "locked": {
        "lastModified": 1685019994,
        "narHash": "sha256-81o6SKZPALvib21hIOMx2lIhFSs0mRy0PfPvg0zsfTk=",
        "owner": "nix-community",
        "repo": "home-manager",
        "rev": "d1f04b0f365a34896a37d9015637796537ec88a3",
        "type": "github"
      },
      "original": {
        "owner": "nix-community",
        "repo": "home-manager",
        "type": "github"
      }
    },
    "nixlib": {
      "locked": {
        "lastModified": 1685840432,
        "narHash": "sha256-VJIbiKsY7Xy4E4WcgwUt/UiwYDmN5BAk8tngAjcWsqY=",
        "owner": "nix-community",
        "repo": "nixpkgs.lib",
        "rev": "961e99baaaa57f5f7042fe7ce089a88786c839f4",
        "type": "github"
      },
      "original": {
        "owner": "nix-community",
        "repo": "nixpkgs.lib",
        "type": "github"
      }
    },
    "nixos-generators": {
      "inputs": {
        "nixlib": "nixlib",
        "nixpkgs": [
          "nixpkgs"
        ]
      },
      "locked": {
        "lastModified": 1685943944,
        "narHash": "sha256-GpaQwOkvwkmSWxvWaZqbMKyyOSaBAwgdEcHCqLW/240=",
        "owner": "nix-community",
        "repo": "nixos-generators",
        "rev": "122dcc32cadf14c5015aa021fae8882c5058263a",
        "type": "github"
      },
      "original": {
        "owner": "nix-community",
        "repo": "nixos-generators",
        "type": "github"
      }
    },
    "nixos-hardware": {
      "locked": {
        "lastModified": 1679854276,
        "narHash": "sha256-rDyEIiwu4c+fqAwb1ez767w9BTpTg9Xo7i51T+V0fWs=",
        "owner": "nixos",
        "repo": "nixos-hardware",
        "rev": "3023004e9903bc2f726da7c4a6724cf55f45bfff",
        "type": "github"
      },
      "original": {
        "owner": "nixos",
        "repo": "nixos-hardware",
        "rev": "3023004e9903bc2f726da7c4a6724cf55f45bfff",
        "type": "github"
      }
    },
    "nixpkgs": {
      "locked": {
        "lastModified": 1684844536,
        "narHash": "sha256-M7HhXYVqAuNb25r/d3FOO0z4GxPqDIZp5UjHFbBgw0Q=",
        "owner": "nixos",
        "repo": "nixpkgs",
        "rev": "d30264c2691128adc261d7c9388033645f0e742b",
        "type": "github"
      },
      "original": {
        "owner": "nixos",
        "ref": "nixos-unstable",
        "repo": "nixpkgs",
        "type": "github"
      }
    },
    "root": {
      "inputs": {
        "home-manager": "home-manager",
        "nixos-generators": "nixos-generators",
        "nixos-hardware": "nixos-hardware",
        "nixpkgs": "nixpkgs"
      }
    }
  },
  "root": "root",
  "version": 7
}
